
Microsoft Visual Studio Solution File, Format Version 12.00
# Visual Studio 15
VisualStudioVersion = 15.0.28307.1340
MinimumVisualStudioVersion = 10.0.40219.1
Project("{FAE04EC0-301F-11D3-BF4B-00C04F79EFBC}") = "TestPOC", "TestPOC\TestPOC.csproj", "{DF46C9DB-97D2-4C15-889D-516EAC5CFAD0}"
EndProject
Global
	GlobalSection(SolutionConfigurationPlatforms) = preSolution
		Debug|Any CPU = Debug|Any CPU
		Release|Any CPU = Release|Any CPU
	EndGlobalSection
	GlobalSection(ProjectConfigurationPlatforms) = postSolution
		{DF46C9DB-97D2-4C15-889D-516EAC5CFAD0}.Debug|Any CPU.ActiveCfg = Debug|Any CPU
		{DF46C9DB-97D2-4C15-889D-516EAC5CFAD0}.Debug|Any CPU.Build.0 = Debug|Any CPU
		{DF46C9DB-97D2-4C15-889D-516EAC5CFAD0}.Release|Any CPU.ActiveCfg = Release|Any CPU
		{DF46C9DB-97D2-4C15-889D-516EAC5CFAD0}.Release|Any CPU.Build.0 = Release|Any CPU
	EndGlobalSection
	GlobalSection(SolutionProperties) = preSolution
		HideSolutionNode = FALSE
	EndGlobalSection
	GlobalSection(ExtensibilityGlobals) = postSolution
		SolutionGuid = {E7C9BD1C-A55A-474F-9AF8-E258FF4E66F9}
	EndGlobalSection
EndGlobal
